
Microsoft Visual Studio Solution File, Format Version 12.00
# Visual Studio Version 17
VisualStudioVersion = 17.8.34309.116
MinimumVisualStudioVersion = 10.0.40219.1
Project("{2150E333-8FDC-42A3-9474-1A3956D46DE8}") = "1 - UI", "1 - UI", "{95AD2610-60A1-4969-A8AB-5D2D2F568B21}"
EndProject
Project("{2150E333-8FDC-42A3-9474-1A3956D46DE8}") = "3 - DAL", "3 - DAL", "{D57AE40F-E063-4A74-8990-416F8794BB02}"
EndProject
Project("{2150E333-8FDC-42A3-9474-1A3956D46DE8}") = "2 - BO", "2 - BO", "{C0970E85-5F43-4F6B-86EF-7CDF94699721}"
EndProject
Project("{2150E333-8FDC-42A3-9474-1A3956D46DE8}") = "4 - Core", "4 - Core", "{93BB795F-DBB5-4D8C-8E08-417B85F48627}"
EndProject
Project("{9A19103F-16F7-4668-BE54-9A1E7A4F7556}") = "Bite.BO", "Bite.Bo\Bite.BO.csproj", "{315D692D-E9E2-42CE-B8FD-A6DBDA6BA9BB}"
EndProject
Project("{9A19103F-16F7-4668-BE54-9A1E7A4F7556}") = "Bite.DAL", "Bite.DAL\Bite.DAL.csproj", "{270E572A-75F7-46ED-9511-92BF2D56FE49}"
EndProject
Project("{9A19103F-16F7-4668-BE54-9A1E7A4F7556}") = "Bite.Core", "Bite.Core\Bite.Core.csproj", "{C6185609-C85C-4AA6-8E52-B313AF40E672}"
EndProject
Project("{2150E333-8FDC-42A3-9474-1A3956D46DE8}") = "3 - Model", "3 - Model", "{943EFFE9-C95F-4FC2-B357-D15AF8F0672C}"
EndProject
Project("{9A19103F-16F7-4668-BE54-9A1E7A4F7556}") = "Bite.Model", "Bite.Model\Bite.Model.csproj", "{36E5596D-4D18-4677-B8AC-C360F108ED50}"
EndProject
Project("{FAE04EC0-301F-11D3-BF4B-00C04F79EFBC}") = "Bite.UI", "Bite.UI\Bite.UI.csproj", "{30D85FC2-A498-4CA9-9261-40C0FDA4D4DE}"
EndProject
Global
	GlobalSection(SolutionConfigurationPlatforms) = preSolution
		Debug|Any CPU = Debug|Any CPU
		Release|Any CPU = Release|Any CPU
	EndGlobalSection
	GlobalSection(ProjectConfigurationPlatforms) = postSolution
		{315D692D-E9E2-42CE-B8FD-A6DBDA6BA9BB}.Debug|Any CPU.ActiveCfg = Debug|Any CPU
		{315D692D-E9E2-42CE-B8FD-A6DBDA6BA9BB}.Debug|Any CPU.Build.0 = Debug|Any CPU
		{315D692D-E9E2-42CE-B8FD-A6DBDA6BA9BB}.Release|Any CPU.ActiveCfg = Release|Any CPU
		{315D692D-E9E2-42CE-B8FD-A6DBDA6BA9BB}.Release|Any CPU.Build.0 = Release|Any CPU
		{270E572A-75F7-46ED-9511-92BF2D56FE49}.Debug|Any CPU.ActiveCfg = Debug|Any CPU
		{270E572A-75F7-46ED-9511-92BF2D56FE49}.Debug|Any CPU.Build.0 = Debug|Any CPU
		{270E572A-75F7-46ED-9511-92BF2D56FE49}.Release|Any CPU.ActiveCfg = Release|Any CPU
		{270E572A-75F7-46ED-9511-92BF2D56FE49}.Release|Any CPU.Build.0 = Release|Any CPU
		{C6185609-C85C-4AA6-8E52-B313AF40E672}.Debug|Any CPU.ActiveCfg = Debug|Any CPU
		{C6185609-C85C-4AA6-8E52-B313AF40E672}.Debug|Any CPU.Build.0 = Debug|Any CPU
		{C6185609-C85C-4AA6-8E52-B313AF40E672}.Release|Any CPU.ActiveCfg = Release|Any CPU
		{C6185609-C85C-4AA6-8E52-B313AF40E672}.Release|Any CPU.Build.0 = Release|Any CPU
		{36E5596D-4D18-4677-B8AC-C360F108ED50}.Debug|Any CPU.ActiveCfg = Debug|Any CPU
		{36E5596D-4D18-4677-B8AC-C360F108ED50}.Debug|Any CPU.Build.0 = Debug|Any CPU
		{36E5596D-4D18-4677-B8AC-C360F108ED50}.Release|Any CPU.ActiveCfg = Release|Any CPU
		{36E5596D-4D18-4677-B8AC-C360F108ED50}.Release|Any CPU.Build.0 = Release|Any CPU
		{30D85FC2-A498-4CA9-9261-40C0FDA4D4DE}.Debug|Any CPU.ActiveCfg = Debug|Any CPU
		{30D85FC2-A498-4CA9-9261-40C0FDA4D4DE}.Debug|Any CPU.Build.0 = Debug|Any CPU
		{30D85FC2-A498-4CA9-9261-40C0FDA4D4DE}.Release|Any CPU.ActiveCfg = Release|Any CPU
		{30D85FC2-A498-4CA9-9261-40C0FDA4D4DE}.Release|Any CPU.Build.0 = Release|Any CPU
	EndGlobalSection
	GlobalSection(SolutionProperties) = preSolution
		HideSolutionNode = FALSE
	EndGlobalSection
	GlobalSection(NestedProjects) = preSolution
		{315D692D-E9E2-42CE-B8FD-A6DBDA6BA9BB} = {C0970E85-5F43-4F6B-86EF-7CDF94699721}
		{270E572A-75F7-46ED-9511-92BF2D56FE49} = {D57AE40F-E063-4A74-8990-416F8794BB02}
		{C6185609-C85C-4AA6-8E52-B313AF40E672} = {93BB795F-DBB5-4D8C-8E08-417B85F48627}
		{36E5596D-4D18-4677-B8AC-C360F108ED50} = {943EFFE9-C95F-4FC2-B357-D15AF8F0672C}
		{30D85FC2-A498-4CA9-9261-40C0FDA4D4DE} = {95AD2610-60A1-4969-A8AB-5D2D2F568B21}
	EndGlobalSection
	GlobalSection(ExtensibilityGlobals) = postSolution
		SolutionGuid = {DD1014DF-5A1B-4C9D-A66B-2779DB6A7FCC}
	EndGlobalSection
EndGlobal
